
Microsoft Visual Studio Solution File, Format Version 12.00
Project("{FAE04EC0-301F-11D3-BF4B-00C04F79EFBC}") = "PercentAPI", "PercentAPI\PercentAPI.csproj", "{F42CFC20-EB92-45BB-B933-F9CEB36DC3FB}"
EndProject
Global
	GlobalSection(SolutionConfigurationPlatforms) = preSolution
		Debug|Any CPU = Debug|Any CPU
		Release|Any CPU = Release|Any CPU
	EndGlobalSection
	GlobalSection(ProjectConfigurationPlatforms) = postSolution
		{F42CFC20-EB92-45BB-B933-F9CEB36DC3FB}.Debug|Any CPU.ActiveCfg = Debug|Any CPU
		{F42CFC20-EB92-45BB-B933-F9CEB36DC3FB}.Debug|Any CPU.Build.0 = Debug|Any CPU
		{F42CFC20-EB92-45BB-B933-F9CEB36DC3FB}.Release|Any CPU.ActiveCfg = Release|Any CPU
		{F42CFC20-EB92-45BB-B933-F9CEB36DC3FB}.Release|Any CPU.Build.0 = Release|Any CPU
	EndGlobalSection
EndGlobal
